{
  "name": "dustjs-server",
  "version": "1.0.0",
  "lockfileVersion": 1,
  "requires": true,
  "dependencies": {
    "@dustjs/machine": {
      "version": "file:../dust-js-machine",
      "requires": {
        "common-tags": "^1.8.0",
        "moment": "^2.24.0",
        "node-fetch": "^2.6.0"
      }
    }
  }
}
